
Microsoft Visual Studio Solution File, Format Version 12.00
# Visual Studio 15
Project("{FAE04EC0-301F-11D3-BF4B-00C04F79EFBC}") = "LoginGuy.Android", "LoginGuy.Android\LoginGuy.Android.csproj", "{7164D54B-FD95-42E5-9CB6-1F9B5EB24B70}"
EndProject
Project("{FAE04EC0-301F-11D3-BF4B-00C04F79EFBC}") = "LoginGuy.iOS", "LoginGuy.iOS\LoginGuy.iOS.csproj", "{25DCC1B6-A251-4A8B-8242-3AB0FE78CC51}"
EndProject
Project("{D954291E-2A0B-460D-934E-DC6B0785DB48}") = "LoginGuy", "LoginGuy\LoginGuy.shproj", "{E2821CDB-65D6-4129-A410-099006C8304C}"
EndProject
Global
	GlobalSection(SolutionConfigurationPlatforms) = preSolution
		Debug|Any CPU = Debug|Any CPU
		Release|Any CPU = Release|Any CPU
		Debug|iPhoneSimulator = Debug|iPhoneSimulator
		Release|iPhoneSimulator = Release|iPhoneSimulator
		Debug|iPhone = Debug|iPhone
		Release|iPhone = Release|iPhone
		Ad-Hoc|iPhone = Ad-Hoc|iPhone
		AppStore|iPhone = AppStore|iPhone
	EndGlobalSection
	GlobalSection(ProjectConfigurationPlatforms) = postSolution
		{7164D54B-FD95-42E5-9CB6-1F9B5EB24B70}.Debug|Any CPU.ActiveCfg = Debug|Any CPU
		{7164D54B-FD95-42E5-9CB6-1F9B5EB24B70}.Debug|Any CPU.Build.0 = Debug|Any CPU
		{7164D54B-FD95-42E5-9CB6-1F9B5EB24B70}.Release|Any CPU.ActiveCfg = Release|Any CPU
		{7164D54B-FD95-42E5-9CB6-1F9B5EB24B70}.Release|Any CPU.Build.0 = Release|Any CPU
		{7164D54B-FD95-42E5-9CB6-1F9B5EB24B70}.Debug|iPhoneSimulator.ActiveCfg = Debug|Any CPU
		{7164D54B-FD95-42E5-9CB6-1F9B5EB24B70}.Debug|iPhoneSimulator.Build.0 = Debug|Any CPU
		{7164D54B-FD95-42E5-9CB6-1F9B5EB24B70}.Release|iPhoneSimulator.ActiveCfg = Release|Any CPU
		{7164D54B-FD95-42E5-9CB6-1F9B5EB24B70}.Release|iPhoneSimulator.Build.0 = Release|Any CPU
		{7164D54B-FD95-42E5-9CB6-1F9B5EB24B70}.Debug|iPhone.ActiveCfg = Debug|Any CPU
		{7164D54B-FD95-42E5-9CB6-1F9B5EB24B70}.Debug|iPhone.Build.0 = Debug|Any CPU
		{7164D54B-FD95-42E5-9CB6-1F9B5EB24B70}.Release|iPhone.ActiveCfg = Release|Any CPU
		{7164D54B-FD95-42E5-9CB6-1F9B5EB24B70}.Release|iPhone.Build.0 = Release|Any CPU
		{7164D54B-FD95-42E5-9CB6-1F9B5EB24B70}.Ad-Hoc|iPhone.ActiveCfg = Debug|Any CPU
		{7164D54B-FD95-42E5-9CB6-1F9B5EB24B70}.Ad-Hoc|iPhone.Build.0 = Debug|Any CPU
		{7164D54B-FD95-42E5-9CB6-1F9B5EB24B70}.AppStore|iPhone.ActiveCfg = Debug|Any CPU
		{7164D54B-FD95-42E5-9CB6-1F9B5EB24B70}.AppStore|iPhone.Build.0 = Debug|Any CPU
		{25DCC1B6-A251-4A8B-8242-3AB0FE78CC51}.Debug|Any CPU.ActiveCfg = Debug|iPhoneSimulator
		{25DCC1B6-A251-4A8B-8242-3AB0FE78CC51}.Debug|Any CPU.Build.0 = Debug|iPhoneSimulator
		{25DCC1B6-A251-4A8B-8242-3AB0FE78CC51}.Release|Any CPU.ActiveCfg = Release|iPhoneSimulator
		{25DCC1B6-A251-4A8B-8242-3AB0FE78CC51}.Release|Any CPU.Build.0 = Release|iPhoneSimulator
		{25DCC1B6-A251-4A8B-8242-3AB0FE78CC51}.Debug|iPhoneSimulator.ActiveCfg = Debug|iPhoneSimulator
		{25DCC1B6-A251-4A8B-8242-3AB0FE78CC51}.Debug|iPhoneSimulator.Build.0 = Debug|iPhoneSimulator
		{25DCC1B6-A251-4A8B-8242-3AB0FE78CC51}.Release|iPhoneSimulator.ActiveCfg = Release|iPhoneSimulator
		{25DCC1B6-A251-4A8B-8242-3AB0FE78CC51}.Release|iPhoneSimulator.Build.0 = Release|iPhoneSimulator
		{25DCC1B6-A251-4A8B-8242-3AB0FE78CC51}.Debug|iPhone.ActiveCfg = Debug|iPhone
		{25DCC1B6-A251-4A8B-8242-3AB0FE78CC51}.Debug|iPhone.Build.0 = Debug|iPhone
		{25DCC1B6-A251-4A8B-8242-3AB0FE78CC51}.Release|iPhone.ActiveCfg = Release|iPhone
		{25DCC1B6-A251-4A8B-8242-3AB0FE78CC51}.Release|iPhone.Build.0 = Release|iPhone
		{25DCC1B6-A251-4A8B-8242-3AB0FE78CC51}.Ad-Hoc|iPhone.ActiveCfg = Ad-Hoc|iPhone
		{25DCC1B6-A251-4A8B-8242-3AB0FE78CC51}.Ad-Hoc|iPhone.Build.0 = Ad-Hoc|iPhone
		{25DCC1B6-A251-4A8B-8242-3AB0FE78CC51}.AppStore|iPhone.ActiveCfg = AppStore|iPhone
		{25DCC1B6-A251-4A8B-8242-3AB0FE78CC51}.AppStore|iPhone.Build.0 = AppStore|iPhone
	EndGlobalSection
EndGlobal
